
Microsoft Visual Studio Solution File, Format Version 12.00
# Visual Studio Version 16
VisualStudioVersion = 16.0.30225.117
MinimumVisualStudioVersion = 10.0.40219.1
Project("{FAE04EC0-301F-11D3-BF4B-00C04F79EFBC}") = "ClassLibrary3", "ClassLibrary3\ClassLibrary3.csproj", "{BA845B85-4A96-4C08-819D-AF6703289526}"
EndProject
Project("{FAE04EC0-301F-11D3-BF4B-00C04F79EFBC}") = "UnitTestProject1", "UnitTestProject1\UnitTestProject1.csproj", "{7F263931-CD7F-4D20-A9FC-735494E17A73}"
EndProject
Global
	GlobalSection(SolutionConfigurationPlatforms) = preSolution
		Debug|Any CPU = Debug|Any CPU
		Release|Any CPU = Release|Any CPU
	EndGlobalSection
	GlobalSection(ProjectConfigurationPlatforms) = postSolution
		{BA845B85-4A96-4C08-819D-AF6703289526}.Debug|Any CPU.ActiveCfg = Debug|Any CPU
		{BA845B85-4A96-4C08-819D-AF6703289526}.Debug|Any CPU.Build.0 = Debug|Any CPU
		{BA845B85-4A96-4C08-819D-AF6703289526}.Release|Any CPU.ActiveCfg = Release|Any CPU
		{BA845B85-4A96-4C08-819D-AF6703289526}.Release|Any CPU.Build.0 = Release|Any CPU
		{7F263931-CD7F-4D20-A9FC-735494E17A73}.Debug|Any CPU.ActiveCfg = Debug|Any CPU
		{7F263931-CD7F-4D20-A9FC-735494E17A73}.Debug|Any CPU.Build.0 = Debug|Any CPU
		{7F263931-CD7F-4D20-A9FC-735494E17A73}.Release|Any CPU.ActiveCfg = Release|Any CPU
		{7F263931-CD7F-4D20-A9FC-735494E17A73}.Release|Any CPU.Build.0 = Release|Any CPU
	EndGlobalSection
	GlobalSection(SolutionProperties) = preSolution
		HideSolutionNode = FALSE
	EndGlobalSection
	GlobalSection(ExtensibilityGlobals) = postSolution
		SolutionGuid = {46CC611E-8CA2-4E8A-9CB3-49BD8F84322F}
	EndGlobalSection
EndGlobal
